// !$*UTF8*$!
{
	archiveVersion = 1;
	classes = {
	};
	objectVersion = 48;
	objects = {

/* Begin PBXBuildFile section */
		6819C8F01FF629B6006EE543 /* AppDelegate.swift in Sources */ = {isa = PBXBuildFile; fileRef = 6819C8EF1FF629B6006EE543 /* AppDelegate.swift */; };
		6819C8F21FF629B6006EE543 /* ViewController.swift in Sources */ = {isa = PBXBuildFile; fileRef = 6819C8F11FF629B6006EE543 /* ViewController.swift */; };
		6819C8F51FF629B6006EE543 /* Main.storyboard in Resources */ = {isa = PBXBuildFile; fileRef = 6819C8F31FF629B6006EE543 /* Main.storyboard */; };
		6819C8F81FF629B6006EE543 /* myFirstSwift.xcdatamodeld in Sources */ = {isa = PBXBuildFile; fileRef = 6819C8F61FF629B6006EE543 /* myFirstSwift.xcdatamodeld */; };
		6819C8FA1FF629B6006EE543 /* Assets.xcassets in Resources */ = {isa = PBXBuildFile; fileRef = 6819C8F91FF629B6006EE543 /* Assets.xcassets */; };
		6819C8FD1FF629B6006EE543 /* LaunchScreen.storyboard in Resources */ = {isa = PBXBuildFile; fileRef = 6819C8FB1FF629B6006EE543 /* LaunchScreen.storyboard */; };
		6819C9081FF629B6006EE543 /* myFirstSwiftTests.swift in Sources */ = {isa = PBXBuildFile; fileRef = 6819C9071FF629B6006EE543 /* myFirstSwiftTests.swift */; };
		6819C9131FF629B6006EE543 /* myFirstSwiftUITests.swift in Sources */ = {isa = PBXBuildFile; fileRef = 6819C9121FF629B6006EE543 /* myFirstSwiftUITests.swift */; };
/* End PBXBuildFile section */

/* Begin PBXContainerItemProxy section */
		6819C9041FF629B6006EE543 /* PBXContainerItemProxy */ = {
			isa = PBXContainerItemProxy;
			containerPortal = 6819C8E41FF629B5006EE543 /* Project object */;
			proxyType = 1;
			remoteGlobalIDString = 6819C8EB1FF629B6006EE543;
			remoteInfo = myFirstSwift;
		};
		6819C90F1FF629B6006EE543 /* PBXContainerItemProxy */ = {
			isa = PBXContainerItemProxy;
			containerPortal = 6819C8E41FF629B5006EE543 /* Project object */;
			proxyType = 1;
			remoteGlobalIDString = 6819C8EB1FF629B6006EE543;
			remoteInfo = myFirstSwift;
		};
/* End PBXContainerItemProxy section */

/* Begin PBXFileReference section */
		6819C8EC1FF629B6006EE543 /* myFirstSwift.app */ = {isa = PBXFileReference; explicitFileType = wrapper.application; includeInIndex = 0; path = myFirstSwift.app; sourceTree = BUILT_PRODUCTS_DIR; };
		6819C8EF1FF629B6006EE543 /* AppDelegate.swift */ = {isa = PBXFileReference; lastKnownFileType = sourcecode.swift; path = AppDelegate.swift; sourceTree = "<group>"; };
		6819C8F11FF629B6006EE543 /* ViewController.swift */ = {isa = PBXFileReference; lastKnownFileType = sourcecode.swift; path = ViewController.swift; sourceTree = "<group>"; };
		6819C8F41FF629B6006EE543 /* Base */ = {isa = PBXFileReference; lastKnownFileType = file.storyboard; name = Base; path = Base.lproj/Main.storyboard; sourceTree = "<group>"; };
		6819C8F71FF629B6006EE543 /* myFirstSwift.xcdatamodel */ = {isa = PBXFileReference; lastKnownFileType = wrapper.xcdatamodel; path = myFirstSwift.xcdatamodel; sourceTree = "<group>"; };
		6819C8F91FF629B6006EE543 /* Assets.xcassets */ = {isa = PBXFileReference; lastKnownFileType = folder.assetcatalog; path = Assets.xcassets; sourceTree = "<group>"; };
		6819C8FC1FF629B6006EE543 /* Base */ = {isa = PBXFileReference; lastKnownFileType = file.storyboard; name = Base; path = Base.lproj/LaunchScreen.storyboard; sourceTree = "<group>"; };
		6819C8FE1FF629B6006EE543 /* Info.plist */ = {isa = PBXFileReference; lastKnownFileType = text.plist.xml; path = Info.plist; sourceTree = "<group>"; };
		6819C9031FF629B6006EE543 /* myFirstSwiftTests.xctest */ = {isa = PBXFileReference; explicitFileType = wrapper.cfbundle; includeInIndex = 0; path = myFirstSwiftTests.xctest; sourceTree = BUILT_PRODUCTS_DIR; };
		6819C9071FF629B6006EE543 /* myFirstSwiftTests.swift */ = {isa = PBXFileReference; lastKnownFileType = sourcecode.swift; path = myFirstSwiftTests.swift; sourceTree = "<group>"; };
		6819C9091FF629B6006EE543 /* Info.plist */ = {isa = PBXFileReference; lastKnownFileType = text.plist.xml; path = Info.plist; sourceTree = "<group>"; };
		6819C90E1FF629B6006EE543 /* myFirstSwiftUITests.xctest */ = {isa = PBXFileReference; explicitFileType = wrapper.cfbundle; includeInIndex = 0; path = myFirstSwiftUITests.xctest; sourceTree = BUILT_PRODUCTS_DIR; };
		6819C9121FF629B6006EE543 /* myFirstSwiftUITests.swift */ = {isa = PBXFileReference; lastKnownFileType = sourcecode.swift; path = myFirstSwiftUITests.swift; sourceTree = "<group>"; };
		6819C9141FF629B6006EE543 /* Info.plist */ = {isa = PBXFileReference; lastKnownFileType = text.plist.xml; path = Info.plist; sourceTree = "<group>"; };
/* End PBXFileReference section */

/* Begin PBXFrameworksBuildPhase section */
		6819C8E91FF629B6006EE543 /* Frameworks */ = {
			isa = PBXFrameworksBuildPhase;
			buildActionMask = 2147483647;
			files = (
			);
			runOnlyForDeploymentPostprocessing = 0;
		};
		6819C9001FF629B6006EE543 /* Frameworks */ = {
			isa = PBXFrameworksBuildPhase;
			buildActionMask = 2147483647;
			files = (
			);
			runOnlyForDeploymentPostprocessing = 0;
		};
		6819C90B1FF629B6006EE543 /* Frameworks */ = {
			isa = PBXFrameworksBuildPhase;
			buildActionMask = 2147483647;
			files = (
			);
			runOnlyForDeploymentPostprocessing = 0;
		};
/* End PBXFrameworksBuildPhase section */

/* Begin PBXGroup section */
		6819C8E31FF629B5006EE543 = {
			isa = PBXGroup;
			children = (
				6819C8EE1FF629B6006EE543 /* myFirstSwift */,
				6819C9061FF629B6006EE543 /* myFirstSwiftTests */,
				6819C9111FF629B6006EE543 /* myFirstSwiftUITests */,
				6819C8ED1FF629B6006EE543 /* Products */,
			);
			sourceTree = "<group>";
		};
		6819C8ED1FF629B6006EE543 /* Products */ = {
			isa = PBXGroup;
			children = (
				6819C8EC1FF629B6006EE543 /* myFirstSwift.app */,
				6819C9031FF629B6006EE543 /* myFirstSwiftTests.xctest */,
				6819C90E1FF629B6006EE543 /* myFirstSwiftUITests.xctest */,
			);
			name = Products;
			sourceTree = "<group>";
		};
		6819C8EE1FF629B6006EE543 /* myFirstSwift */ = {
			isa = PBXGroup;
			children = (
				6819C8EF1FF629B6006EE543 /* AppDelegate.swift */,
				6819C8F11FF629B6006EE543 /* ViewController.swift */,
				6819C8F31FF629B6006EE543 /* Main.storyboard */,
				6819C8F91FF629B6006EE543 /* Assets.xcassets */,
				6819C8FB1FF629B6006EE543 /* LaunchScreen.storyboard */,
				6819C8FE1FF629B6006EE543 /* Info.plist */,
				6819C8F61FF629B6006EE543 /* myFirstSwift.xcdatamodeld */,
			);
			path = myFirstSwift;
			sourceTree = "<group>";
		};
		6819C9061FF629B6006EE543 /* myFirstSwiftTests */ = {
			isa = PBXGroup;
			children = (
				6819C9071FF629B6006EE543 /* myFirstSwiftTests.swift */,
				6819C9091FF629B6006EE543 /* Info.plist */,
			);
			path = myFirstSwiftTests;
			sourceTree = "<group>";
		};
		6819C9111FF629B6006EE543 /* myFirstSwiftUITests */ = {
			isa = PBXGroup;
			children = (
				6819C9121FF629B6006EE543 /* myFirstSwiftUITests.swift */,
				6819C9141FF629B6006EE543 /* Info.plist */,
			);
			path = myFirstSwiftUITests;
			sourceTree = "<group>";
		};
/* End PBXGroup section */

/* Begin PBXNativeTarget section */
		6819C8EB1FF629B6006EE543 /* myFirstSwift */ = {
			isa = PBXNativeTarget;
			buildConfigurationList = 6819C9171FF629B6006EE543 /* Build configuration list for PBXNativeTarget "myFirstSwift" */;
			buildPhases = (
				6819C8E81FF629B6006EE543 /* Sources */,
				6819C8E91FF629B6006EE543 /* Frameworks */,
				6819C8EA1FF629B6006EE543 /* Resources */,
			);
			buildRules = (
			);
			dependencies = (
			);
			name = myFirstSwift;
			productName = myFirstSwift;
			productReference = 6819C8EC1FF629B6006EE543 /* myFirstSwift.app */;
			productType = "com.apple.product-type.application";
		};
		6819C9021FF629B6006EE543 /* myFirstSwiftTests */ = {
			isa = PBXNativeTarget;
			buildConfigurationList = 6819C91A1FF629B6006EE543 /* Build configuration list for PBXNativeTarget "myFirstSwiftTests" */;
			buildPhases = (
				6819C8FF1FF629B6006EE543 /* Sources */,
				6819C9001FF629B6006EE543 /* Frameworks */,
				6819C9011FF629B6006EE543 /* Resources */,
			);
			buildRules = (
			);
			dependencies = (
				6819C9051FF629B6006EE543 /* PBXTargetDependency */,
			);
			name = myFirstSwiftTests;
			productName = myFirstSwiftTests;
			productReference = 6819C9031FF629B6006EE543 /* myFirstSwiftTests.xctest */;
			productType = "com.apple.product-type.bundle.unit-test";
		};
		6819C90D1FF629B6006EE543 /* myFirstSwiftUITests */ = {
			isa = PBXNativeTarget;
			buildConfigurationList = 6819C91D1FF629B6006EE543 /* Build configuration list for PBXNativeTarget "myFirstSwiftUITests" */;
			buildPhases = (
				6819C90A1FF629B6006EE543 /* Sources */,
				6819C90B1FF629B6006EE543 /* Frameworks */,
				6819C90C1FF629B6006EE543 /* Resources */,
			);
			buildRules = (
			);
			dependencies = (
				6819C9101FF629B6006EE543 /* PBXTargetDependency */,
			);
			name = myFirstSwiftUITests;
			productName = myFirstSwiftUITests;
			productReference = 6819C90E1FF629B6006EE543 /* myFirstSwiftUITests.xctest */;
			productType = "com.apple.product-type.bundle.ui-testing";
		};
/* End PBXNativeTarget section */

/* Begin PBXProject section */
		6819C8E41FF629B5006EE543 /* Project object */ = {
			isa = PBXProject;
			attributes = {
				LastSwiftUpdateCheck = 0920;
				LastUpgradeCheck = 0920;
				ORGANIZATIONNAME = Pqtel;
				TargetAttributes = {
					6819C8EB1FF629B6006EE543 = {
						CreatedOnToolsVersion = 9.2;
						ProvisioningStyle = Automatic;
					};
					6819C9021FF629B6006EE543 = {
						CreatedOnToolsVersion = 9.2;
						ProvisioningStyle = Automatic;
						TestTargetID = 6819C8EB1FF629B6006EE543;
					};
					6819C90D1FF629B6006EE543 = {
						CreatedOnToolsVersion = 9.2;
						ProvisioningStyle = Automatic;
						TestTargetID = 6819C8EB1FF629B6006EE543;
					};
				};
			};
			buildConfigurationList = 6819C8E71FF629B5006EE543 /* Build configuration list for PBXProject "myFirstSwift" */;
			compatibilityVersion = "Xcode 8.0";
			developmentRegion = en;
			hasScannedForEncodings = 0;
			knownRegions = (
				en,
				Base,
			);
			mainGroup = 6819C8E31FF629B5006EE543;
			productRefGroup = 6819C8ED1FF629B6006EE543 /* Products */;
			projectDirPath = "";
			projectRoot = "";
			targets = (
				6819C8EB1FF629B6006EE543 /* myFirstSwift */,
				6819C9021FF629B6006EE543 /* myFirstSwiftTests */,
				6819C90D1FF629B6006EE543 /* myFirstSwiftUITests */,
			);
		};
/* End PBXProject section */

/* Begin PBXResourcesBuildPhase section */
		6819C8EA1FF629B6006EE543 /* Resources */ = {
			isa = PBXResourcesBuildPhase;
			buildActionMask = 2147483647;
			files = (
				6819C8FD1FF629B6006EE543 /* LaunchScreen.storyboard in Resources */,
				6819C8FA1FF629B6006EE543 /* Assets.xcassets in Resources */,
				6819C8F51FF629B6006EE543 /* Main.storyboard in Resources */,
			);
			runOnlyForDeploymentPostprocessing = 0;
		};
		6819C9011FF629B6006EE543 /* Resources */ = {
			isa = PBXResourcesBuildPhase;
			buildActionMask = 2147483647;
			files = (
			);
			runOnlyForDeploymentPostprocessing = 0;
		};
		6819C90C1FF629B6006EE543 /* Resources */ = {
			isa = PBXResourcesBuildPhase;
			buildActionMask = 2147483647;
			files = (
			);
			runOnlyForDeploymentPostprocessing = 0;
		};
/* End PBXResourcesBuildPhase section */

/* Begin PBXSourcesBuildPhase section */
		6819C8E81FF629B6006EE543 /* Sources */ = {
			isa = PBXSourcesBuildPhase;
			buildActionMask = 2147483647;
			files = (
				6819C8F21FF629B6006EE543 /* ViewController.swift in Sources */,
				6819C8F81FF629B6006EE543 /* myFirstSwift.xcdatamodeld in Sources */,
				6819C8F01FF629B6006EE543 /* AppDelegate.swift in Sources */,
			);
			runOnlyForDeploymentPostprocessing = 0;
		};
		6819C8FF1FF629B6006EE543 /* Sources */ = {
			isa = PBXSourcesBuildPhase;
			buildActionMask = 2147483647;
			files = (
				6819C9081FF629B6006EE543 /* myFirstSwiftTests.swift in Sources */,
			);
			runOnlyForDeploymentPostprocessing = 0;
		};
		6819C90A1FF629B6006EE543 /* Sources */ = {
			isa = PBXSourcesBuildPhase;
			buildActionMask = 2147483647;
			files = (
				6819C9131FF629B6006EE543 /* myFirstSwiftUITests.swift in Sources */,
			);
			runOnlyForDeploymentPostprocessing = 0;
		};
/* End PBXSourcesBuildPhase section */

/* Begin PBXTargetDependency section */
		6819C9051FF629B6006EE543 /* PBXTargetDependency */ = {
			isa = PBXTargetDependency;
			target = 6819C8EB1FF629B6006EE543 /* myFirstSwift */;
			targetProxy = 6819C9041FF629B6006EE543 /* PBXContainerItemProxy */;
		};
		6819C9101FF629B6006EE543 /* PBXTargetDependency */ = {
			isa = PBXTargetDependency;
			target = 6819C8EB1FF629B6006EE543 /* myFirstSwift */;
			targetProxy = 6819C90F1FF629B6006EE543 /* PBXContainerItemProxy */;
		};
/* End PBXTargetDependency section */

/* Begin PBXVariantGroup section */
		6819C8F31FF629B6006EE543 /* Main.storyboard */ = {
			isa = PBXVariantGroup;
			children = (
				6819C8F41FF629B6006EE543 /* Base */,
			);
			name = Main.storyboard;
			sourceTree = "<group>";
		};
		6819C8FB1FF629B6006EE543 /* LaunchScreen.storyboard */ = {
			isa = PBXVariantGroup;
			children = (
				6819C8FC1FF629B6006EE543 /* Base */,
			);
			name = LaunchScreen.storyboard;
			sourceTree = "<group>";
		};
/* End PBXVariantGroup section */

/* Begin XCBuildConfiguration section */
		6819C9151FF629B6006EE543 /* Debug */ = {
			isa = XCBuildConfiguration;
			buildSettings = {
				ALWAYS_SEARCH_USER_PATHS = NO;
				CLANG_ANALYZER_NONNULL = YES;
				CLANG_ANALYZER_NUMBER_OBJECT_CONVERSION = YES_AGGRESSIVE;
				CLANG_CXX_LANGUAGE_STANDARD = "gnu++14";
				CLANG_CXX_LIBRARY = "libc++";
				CLANG_ENABLE_MODULES = YES;
				CLANG_ENABLE_OBJC_ARC = YES;
				CLANG_WARN_BLOCK_CAPTURE_AUTORELEASING = YES;
				CLANG_WARN_BOOL_CONVERSION = YES;
				CLANG_WARN_COMMA = YES;
				CLANG_WARN_CONSTANT_CONVERSION = YES;
				CLANG_WARN_DIRECT_OBJC_ISA_USAGE = YES_ERROR;
				CLANG_WARN_DOCUMENTATION_COMMENTS = YES;
				CLANG_WARN_EMPTY_BODY = YES;
				CLANG_WARN_ENUM_CONVERSION = YES;
				CLANG_WARN_INFINITE_RECURSION = YES;
				CLANG_WARN_INT_CONVERSION = YES;
				CLANG_WARN_NON_LITERAL_NULL_CONVERSION = YES;
				CLANG_WARN_OBJC_LITERAL_CONVERSION = YES;
				CLANG_WARN_OBJC_ROOT_CLASS = YES_ERROR;
				CLANG_WARN_RANGE_LOOP_ANALYSIS = YES;
				CLANG_WARN_STRICT_PROTOTYPES = YES;
				CLANG_WARN_SUSPICIOUS_MOVE = YES;
				CLANG_WARN_UNGUARDED_AVAILABILITY = YES_AGGRESSIVE;
				CLANG_WARN_UNREACHABLE_CODE = YES;
				CLANG_WARN__DUPLICATE_METHOD_MATCH = YES;
				CODE_SIGN_IDENTITY = "iPhone Developer";
				COPY_PHASE_STRIP = NO;
				DEBUG_INFORMATION_FORMAT = dwarf;
				ENABLE_STRICT_OBJC_MSGSEND = YES;
				ENABLE_TESTABILITY = YES;
				GCC_C_LANGUAGE_STANDARD = gnu11;
				GCC_DYNAMIC_NO_PIC = NO;
				GCC_NO_COMMON_BLOCKS = YES;
				GCC_OPTIMIZATION_LEVEL = 0;
				GCC_PREPROCESSOR_DEFINITIONS = (
					"DEBUG=1",
					"$(inherited)",
				);
				GCC_WARN_64_TO_32_BIT_CONVERSION = YES;
				GCC_WARN_ABOUT_RETURN_TYPE = YES_ERROR;
				GCC_WARN_UNDECLARED_SELECTOR = YES;
				GCC_WARN_UNINITIALIZED_AUTOS = YES_AGGRESSIVE;
				GCC_WARN_UNUSED_FUNCTION = YES;
				GCC_WARN_UNUSED_VARIABLE = YES;
				IPHONEOS_DEPLOYMENT_TARGET = 11.2;
				MTL_ENABLE_DEBUG_INFO = YES;
				ONLY_ACTIVE_ARCH = YES;
				SDKROOT = iphoneos;
				SWIFT_ACTIVE_COMPILATION_CONDITIONS = DEBUG;
				SWIFT_OPTIMIZATION_LEVEL = "-Onone";
			};
			name = Debug;
		};
		6819C9161FF629B6006EE543 /* Release */ = {
			isa = XCBuildConfiguration;
			buildSettings = {
				ALWAYS_SEARCH_USER_PATHS = NO;
				CLANG_ANALYZER_NONNULL = YES;
				CLANG_ANALYZER_NUMBER_OBJECT_CONVERSION = YES_AGGRESSIVE;
				CLANG_CXX_LANGUAGE_STANDARD = "gnu++14";
				CLANG_CXX_LIBRARY = "libc++";
				CLANG_ENABLE_MODULES = YES;
				CLANG_ENABLE_OBJC_ARC = YES;
				CLANG_WARN_BLOCK_CAPTURE_AUTORELEASING = YES;
				CLANG_WARN_BOOL_CONVERSION = YES;
				CLANG_WARN_COMMA = YES;
				CLANG_WARN_CONSTANT_CONVERSION = YES;
				CLANG_WARN_DIRECT_OBJC_ISA_USAGE = YES_ERROR;
				CLANG_WARN_DOCUMENTATION_COMMENTS = YES;
				CLANG_WARN_EMPTY_BODY = YES;
				CLANG_WARN_ENUM_CONVERSION = YES;
				CLANG_WARN_INFINITE_RECURSION = YES;
				CLANG_WARN_INT_CONVERSION = YES;
				CLANG_WARN_NON_LITERAL_NULL_CONVERSION = YES;
				CLANG_WARN_OBJC_LITERAL_CONVERSION = YES;
				CLANG_WARN_OBJC_ROOT_CLASS = YES_ERROR;
				CLANG_WARN_RANGE_LOOP_ANALYSIS = YES;
				CLANG_WARN_STRICT_PROTOTYPES = YES;
				CLANG_WARN_SUSPICIOUS_MOVE = YES;
				CLANG_WARN_UNGUARDED_AVAILABILITY = YES_AGGRESSIVE;
				CLANG_WARN_UNREACHABLE_CODE = YES;
				CLANG_WARN__DUPLICATE_METHOD_MATCH = YES;
				CODE_SIGN_IDENTITY = "iPhone Developer";
				COPY_PHASE_STRIP = NO;
				DEBUG_INFORMATION_FORMAT = "dwarf-with-dsym";
				ENABLE_NS_ASSERTIONS = NO;
				ENABLE_STRICT_OBJC_MSGSEND = YES;
				GCC_C_LANGUAGE_STANDARD = gnu11;
				GCC_NO_COMMON_BLOCKS = YES;
				GCC_WARN_64_TO_32_BIT_CONVERSION = YES;
				GCC_WARN_ABOUT_RETURN_TYPE = YES_ERROR;
				GCC_WARN_UNDECLARED_SELECTOR = YES;
				GCC_WARN_UNINITIALIZED_AUTOS = YES_AGGRESSIVE;
				GCC_WARN_UNUSED_FUNCTION = YES;
				GCC_WARN_UNUSED_VARIABLE = YES;
				IPHONEOS_DEPLOYMENT_TARGET = 11.2;
				MTL_ENABLE_DEBUG_INFO = NO;
				SDKROOT = iphoneos;
				SWIFT_OPTIMIZATION_LEVEL = "-Owholemodule";
				VALIDATE_PRODUCT = YES;
			};
			name = Release;
		};
		6819C9181FF629B6006EE543 /* Debug */ = {
			isa = XCBuildConfiguration;
			buildSettings = {
				ASSETCATALOG_COMPILER_APPICON_NAME = AppIcon;
				CODE_SIGN_STYLE = Automatic;
				DEVELOPMENT_TEAM = ZC47FYJK8B;
				INFOPLIST_FILE = myFirstSwift/Info.plist;
				LD_RUNPATH_SEARCH_PATHS = "$(inherited) @executable_path/Frameworks";
				PRODUCT_BUNDLE_IDENTIFIER = Pqtel.myFirstSwift;
				PRODUCT_NAME = "$(TARGET_NAME)";
				SWIFT_VERSION = 4.0;
				TARGETED_DEVICE_FAMILY = "1,2";
			};
			name = Debug;
		};
		6819C9191FF629B6006EE543 /* Release */ = {
			isa = XCBuildConfiguration;
			buildSettings = {
				ASSETCATALOG_COMPILER_APPICON_NAME = AppIcon;
				CODE_SIGN_STYLE = Automatic;
				DEVELOPMENT_TEAM = ZC47FYJK8B;
				INFOPLIST_FILE = myFirstSwift/Info.plist;
				LD_RUNPATH_SEARCH_PATHS = "$(inherited) @executable_path/Frameworks";
				PRODUCT_BUNDLE_IDENTIFIER = Pqtel.myFirstSwift;
				PRODUCT_NAME = "$(TARGET_NAME)";
				SWIFT_VERSION = 4.0;
				TARGETED_DEVICE_FAMILY = "1,2";
			};
			name = Release;
		};
		6819C91B1FF629B6006EE543 /* Debug */ = {
			isa = XCBuildConfiguration;
			buildSettings = {
				ALWAYS_EMBED_SWIFT_STANDARD_LIBRARIES = YES;
				BUNDLE_LOADER = "$(TEST_HOST)";
				CODE_SIGN_STYLE = Automatic;
				DEVELOPMENT_TEAM = ZC47FYJK8B;
				INFOPLIST_FILE = myFirstSwiftTests/Info.plist;
				LD_RUNPATH_SEARCH_PATHS = "$(inherited) @executable_path/Frameworks @loader_path/Frameworks";
				PRODUCT_BUNDLE_IDENTIFIER = Pqtel.myFirstSwiftTests;
				PRODUCT_NAME = "$(TARGET_NAME)";
				SWIFT_VERSION = 4.0;
				TARGETED_DEVICE_FAMILY = "1,2";
				TEST_HOST = "$(BUILT_PRODUCTS_DIR)/myFirstSwift.app/myFirstSwift";
			};
			name = Debug;
		};
		6819C91C1FF629B6006EE543 /* Release */ = {
			isa = XCBuildConfiguration;
			buildSettings = {
				ALWAYS_EMBED_SWIFT_STANDARD_LIBRARIES = YES;
				BUNDLE_LOADER = "$(TEST_HOST)";
				CODE_SIGN_STYLE = Automatic;
				DEVELOPMENT_TEAM = ZC47FYJK8B;
				INFOPLIST_FILE = myFirstSwiftTests/Info.plist;
				LD_RUNPATH_SEARCH_PATHS = "$(inherited) @executable_path/Frameworks @loader_path/Frameworks";
				PRODUCT_BUNDLE_IDENTIFIER = Pqtel.myFirstSwiftTests;
				PRODUCT_NAME = "$(TARGET_NAME)";
				SWIFT_VERSION = 4.0;
				TARGETED_DEVICE_FAMILY = "1,2";
				TEST_HOST = "$(BUILT_PRODUCTS_DIR)/myFirstSwift.app/myFirstSwift";
			};
			name = Release;
		};
		6819C91E1FF629B6006EE543 /* Debug */ = {
			isa = XCBuildConfiguration;
			buildSettings = {
				ALWAYS_EMBED_SWIFT_STANDARD_LIBRARIES = YES;
				CODE_SIGN_STYLE = Automatic;
				DEVELOPMENT_TEAM = ZC47FYJK8B;
				INFOPLIST_FILE = myFirstSwiftUITests/Info.plist;
				LD_RUNPATH_SEARCH_PATHS = "$(inherited) @executable_path/Frameworks @loader_path/Frameworks";
				PRODUCT_BUNDLE_IDENTIFIER = Pqtel.myFirstSwiftUITests;
				PRODUCT_NAME = "$(TARGET_NAME)";
				SWIFT_VERSION = 4.0;
				TARGETED_DEVICE_FAMILY = "1,2";
				TEST_TARGET_NAME = myFirstSwift;
			};
			name = Debug;
		};
		6819C91F1FF629B6006EE543 /* Release */ = {
			isa = XCBuildConfiguration;
			buildSettings = {
				ALWAYS_EMBED_SWIFT_STANDARD_LIBRARIES = YES;
				CODE_SIGN_STYLE = Automatic;
				DEVELOPMENT_TEAM = ZC47FYJK8B;
				INFOPLIST_FILE = myFirstSwiftUITests/Info.plist;
				LD_RUNPATH_SEARCH_PATHS = "$(inherited) @executable_path/Frameworks @loader_path/Frameworks";
				PRODUCT_BUNDLE_IDENTIFIER = Pqtel.myFirstSwiftUITests;
				PRODUCT_NAME = "$(TARGET_NAME)";
				SWIFT_VERSION = 4.0;
				TARGETED_DEVICE_FAMILY = "1,2";
				TEST_TARGET_NAME = myFirstSwift;
			};
			name = Release;
		};
/* End XCBuildConfiguration section */

/* Begin XCConfigurationList section */
		6819C8E71FF629B5006EE543 /* Build configuration list for PBXProject "myFirstSwift" */ = {
			isa = XCConfigurationList;
			buildConfigurations = (
				6819C9151FF629B6006EE543 /* Debug */,
				6819C9161FF629B6006EE543 /* Release */,
			);
			defaultConfigurationIsVisible = 0;
			defaultConfigurationName = Release;
		};
		6819C9171FF629B6006EE543 /* Build configuration list for PBXNativeTarget "myFirstSwift" */ = {
			isa = XCConfigurationList;
			buildConfigurations = (
				6819C9181FF629B6006EE543 /* Debug */,
				6819C9191FF629B6006EE543 /* Release */,
			);
			defaultConfigurationIsVisible = 0;
			defaultConfigurationName = Release;
		};
		6819C91A1FF629B6006EE543 /* Build configuration list for PBXNativeTarget "myFirstSwiftTests" */ = {
			isa = XCConfigurationList;
			buildConfigurations = (
				6819C91B1FF629B6006EE543 /* Debug */,
				6819C91C1FF629B6006EE543 /* Release */,
			);
			defaultConfigurationIsVisible = 0;
			defaultConfigurationName = Release;
		};
		6819C91D1FF629B6006EE543 /* Build configuration list for PBXNativeTarget "myFirstSwiftUITests" */ = {
			isa = XCConfigurationList;
			buildConfigurations = (
				6819C91E1FF629B6006EE543 /* Debug */,
				6819C91F1FF629B6006EE543 /* Release */,
			);
			defaultConfigurationIsVisible = 0;
			defaultConfigurationName = Release;
		};
/* End XCConfigurationList section */

/* Begin XCVersionGroup section */
		6819C8F61FF629B6006EE543 /* myFirstSwift.xcdatamodeld */ = {
			isa = XCVersionGroup;
			children = (
				6819C8F71FF629B6006EE543 /* myFirstSwift.xcdatamodel */,
			);
			currentVersion = 6819C8F71FF629B6006EE543 /* myFirstSwift.xcdatamodel */;
			path = myFirstSwift.xcdatamodeld;
			sourceTree = "<group>";
			versionGroupType = wrapper.xcdatamodel;
		};
/* End XCVersionGroup section */
	};
	rootObject = 6819C8E41FF629B5006EE543 /* Project object */;
}
